{
  "name": "lemonj",
  "version": "0.0.1",
  "lockfileVersion": 1,
  "requires": true,
  "dependencies": {
    "esbuild": {
      "version": "0.8.10",
      "resolved": "https://registry.npmjs.org/esbuild/-/esbuild-0.8.10.tgz",
      "integrity": "sha512-rOWqKtJUspyJGO7/KDuxELuCEODijBbxbeMFBWNoSGCMCoTpk4H+PO3AahHpM2rJW1Eg5gU6C+rblXyoHoETBw==",
      "dev": true
    }
  }
}
